
Microsoft Visual Studio Solution File, Format Version 12.00
# Visual Studio Version 17
VisualStudioVersion = 17.9.34607.119
MinimumVisualStudioVersion = 10.0.40219.1
Project("{FAE04EC0-301F-11D3-BF4B-00C04F79EFBC}") = "CertificateManagement.WebAPI", "CertificateManagement.WebAPI.csproj", "{D49987F4-22CE-4688-BFD3-DDF146665172}"
EndProject
Project("{FAE04EC0-301F-11D3-BF4B-00C04F79EFBC}") = "CertificateManagement.Core", "..\..\CertificateManagement.Core\CertificateManagement.Core.csproj", "{0652FFB2-DE29-4AF3-A891-68687B00BA91}"
EndProject
Global
	GlobalSection(SolutionConfigurationPlatforms) = preSolution
		Debug|Any CPU = Debug|Any CPU
		Release|Any CPU = Release|Any CPU
	EndGlobalSection
	GlobalSection(ProjectConfigurationPlatforms) = postSolution
		{D49987F4-22CE-4688-BFD3-DDF146665172}.Debug|Any CPU.ActiveCfg = Debug|Any CPU
		{D49987F4-22CE-4688-BFD3-DDF146665172}.Debug|Any CPU.Build.0 = Debug|Any CPU
		{D49987F4-22CE-4688-BFD3-DDF146665172}.Release|Any CPU.ActiveCfg = Release|Any CPU
		{D49987F4-22CE-4688-BFD3-DDF146665172}.Release|Any CPU.Build.0 = Release|Any CPU
		{0652FFB2-DE29-4AF3-A891-68687B00BA91}.Debug|Any CPU.ActiveCfg = Debug|Any CPU
		{0652FFB2-DE29-4AF3-A891-68687B00BA91}.Debug|Any CPU.Build.0 = Debug|Any CPU
		{0652FFB2-DE29-4AF3-A891-68687B00BA91}.Release|Any CPU.ActiveCfg = Release|Any CPU
		{0652FFB2-DE29-4AF3-A891-68687B00BA91}.Release|Any CPU.Build.0 = Release|Any CPU
	EndGlobalSection
	GlobalSection(SolutionProperties) = preSolution
		HideSolutionNode = FALSE
	EndGlobalSection
	GlobalSection(ExtensibilityGlobals) = postSolution
		SolutionGuid = {166DED17-6C18-4299-9F5F-0B4575D1FD68}
	EndGlobalSection
EndGlobal
